// !$*UTF8*$!
{
	archiveVersion = 1;
	classes = {
	};
	objectVersion = 56;
	objects = {

/* Begin PBXBuildFile section */
		260EB3842BEE968E0023BD56 /* SwiftUIAdvancedLearningApp.swift in Sources */ = {isa = PBXBuildFile; fileRef = 260EB3832BEE968E0023BD56 /* SwiftUIAdvancedLearningApp.swift */; };
		260EB3882BEE968F0023BD56 /* Assets.xcassets in Resources */ = {isa = PBXBuildFile; fileRef = 260EB3872BEE968F0023BD56 /* Assets.xcassets */; };
		260EB38B2BEE968F0023BD56 /* Preview Assets.xcassets in Resources */ = {isa = PBXBuildFile; fileRef = 260EB38A2BEE968F0023BD56 /* Preview Assets.xcassets */; };
		260EB3952BEE968F0023BD56 /* SwiftUIAdvancedLearningTests.swift in Sources */ = {isa = PBXBuildFile; fileRef = 260EB3942BEE968F0023BD56 /* SwiftUIAdvancedLearningTests.swift */; };
		260EB39F2BEE968F0023BD56 /* SwiftUIAdvancedLearningUITests.swift in Sources */ = {isa = PBXBuildFile; fileRef = 260EB39E2BEE968F0023BD56 /* SwiftUIAdvancedLearningUITests.swift */; };
		260EB3A12BEE968F0023BD56 /* SwiftUIAdvancedLearningUITestsLaunchTests.swift in Sources */ = {isa = PBXBuildFile; fileRef = 260EB3A02BEE968F0023BD56 /* SwiftUIAdvancedLearningUITestsLaunchTests.swift */; };
		260EB3AE2BEE98280023BD56 /* ViewModifierBootcamp.swift in Sources */ = {isa = PBXBuildFile; fileRef = 260EB3AD2BEE98280023BD56 /* ViewModifierBootcamp.swift */; };
/* End PBXBuildFile section */

/* Begin PBXContainerItemProxy section */
		260EB3912BEE968F0023BD56 /* PBXContainerItemProxy */ = {
			isa = PBXContainerItemProxy;
			containerPortal = 260EB3782BEE968E0023BD56 /* Project object */;
			proxyType = 1;
			remoteGlobalIDString = 260EB37F2BEE968E0023BD56;
			remoteInfo = SwiftUIAdvancedLearning;
		};
		260EB39B2BEE968F0023BD56 /* PBXContainerItemProxy */ = {
			isa = PBXContainerItemProxy;
			containerPortal = 260EB3782BEE968E0023BD56 /* Project object */;
			proxyType = 1;
			remoteGlobalIDString = 260EB37F2BEE968E0023BD56;
			remoteInfo = SwiftUIAdvancedLearning;
		};
/* End PBXContainerItemProxy section */

/* Begin PBXFileReference section */
		260EB3802BEE968E0023BD56 /* SwiftUIAdvancedLearning.app */ = {isa = PBXFileReference; explicitFileType = wrapper.application; includeInIndex = 0; path = SwiftUIAdvancedLearning.app; sourceTree = BUILT_PRODUCTS_DIR; };
		260EB3832BEE968E0023BD56 /* SwiftUIAdvancedLearningApp.swift */ = {isa = PBXFileReference; lastKnownFileType = sourcecode.swift; path = SwiftUIAdvancedLearningApp.swift; sourceTree = "<group>"; };
		260EB3872BEE968F0023BD56 /* Assets.xcassets */ = {isa = PBXFileReference; lastKnownFileType = folder.assetcatalog; path = Assets.xcassets; sourceTree = "<group>"; };
		260EB38A2BEE968F0023BD56 /* Preview Assets.xcassets */ = {isa = PBXFileReference; lastKnownFileType = folder.assetcatalog; path = "Preview Assets.xcassets"; sourceTree = "<group>"; };
		260EB3902BEE968F0023BD56 /* SwiftUIAdvancedLearningTests.xctest */ = {isa = PBXFileReference; explicitFileType = wrapper.cfbundle; includeInIndex = 0; path = SwiftUIAdvancedLearningTests.xctest; sourceTree = BUILT_PRODUCTS_DIR; };
		260EB3942BEE968F0023BD56 /* SwiftUIAdvancedLearningTests.swift */ = {isa = PBXFileReference; lastKnownFileType = sourcecode.swift; path = SwiftUIAdvancedLearningTests.swift; sourceTree = "<group>"; };
		260EB39A2BEE968F0023BD56 /* SwiftUIAdvancedLearningUITests.xctest */ = {isa = PBXFileReference; explicitFileType = wrapper.cfbundle; includeInIndex = 0; path = SwiftUIAdvancedLearningUITests.xctest; sourceTree = BUILT_PRODUCTS_DIR; };
		260EB39E2BEE968F0023BD56 /* SwiftUIAdvancedLearningUITests.swift */ = {isa = PBXFileReference; lastKnownFileType = sourcecode.swift; path = SwiftUIAdvancedLearningUITests.swift; sourceTree = "<group>"; };
		260EB3A02BEE968F0023BD56 /* SwiftUIAdvancedLearningUITestsLaunchTests.swift */ = {isa = PBXFileReference; lastKnownFileType = sourcecode.swift; path = SwiftUIAdvancedLearningUITestsLaunchTests.swift; sourceTree = "<group>"; };
		260EB3AD2BEE98280023BD56 /* ViewModifierBootcamp.swift */ = {isa = PBXFileReference; lastKnownFileType = sourcecode.swift; path = ViewModifierBootcamp.swift; sourceTree = "<group>"; };
/* End PBXFileReference section */

/* Begin PBXFrameworksBuildPhase section */
		260EB37D2BEE968E0023BD56 /* Frameworks */ = {
			isa = PBXFrameworksBuildPhase;
			buildActionMask = 2147483647;
			files = (
			);
			runOnlyForDeploymentPostprocessing = 0;
		};
		260EB38D2BEE968F0023BD56 /* Frameworks */ = {
			isa = PBXFrameworksBuildPhase;
			buildActionMask = 2147483647;
			files = (
			);
			runOnlyForDeploymentPostprocessing = 0;
		};
		260EB3972BEE968F0023BD56 /* Frameworks */ = {
			isa = PBXFrameworksBuildPhase;
			buildActionMask = 2147483647;
			files = (
			);
			runOnlyForDeploymentPostprocessing = 0;
		};
/* End PBXFrameworksBuildPhase section */

/* Begin PBXGroup section */
		260EB3772BEE968E0023BD56 = {
			isa = PBXGroup;
			children = (
				260EB3822BEE968E0023BD56 /* SwiftUIAdvancedLearning */,
				260EB3932BEE968F0023BD56 /* SwiftUIAdvancedLearningTests */,
				260EB39D2BEE968F0023BD56 /* SwiftUIAdvancedLearningUITests */,
				260EB3812BEE968E0023BD56 /* Products */,
			);
			sourceTree = "<group>";
		};
		260EB3812BEE968E0023BD56 /* Products */ = {
			isa = PBXGroup;
			children = (
				260EB3802BEE968E0023BD56 /* SwiftUIAdvancedLearning.app */,
				260EB3902BEE968F0023BD56 /* SwiftUIAdvancedLearningTests.xctest */,
				260EB39A2BEE968F0023BD56 /* SwiftUIAdvancedLearningUITests.xctest */,
			);
			name = Products;
			sourceTree = "<group>";
		};
		260EB3822BEE968E0023BD56 /* SwiftUIAdvancedLearning */ = {
			isa = PBXGroup;
			children = (
				260EB3832BEE968E0023BD56 /* SwiftUIAdvancedLearningApp.swift */,
				260EB3AD2BEE98280023BD56 /* ViewModifierBootcamp.swift */,
				260EB3872BEE968F0023BD56 /* Assets.xcassets */,
				260EB3892BEE968F0023BD56 /* Preview Content */,
			);
			path = SwiftUIAdvancedLearning;
			sourceTree = "<group>";
		};
		260EB3892BEE968F0023BD56 /* Preview Content */ = {
			isa = PBXGroup;
			children = (
				260EB38A2BEE968F0023BD56 /* Preview Assets.xcassets */,
			);
			path = "Preview Content";
			sourceTree = "<group>";
		};
		260EB3932BEE968F0023BD56 /* SwiftUIAdvancedLearningTests */ = {
			isa = PBXGroup;
			children = (
				260EB3942BEE968F0023BD56 /* SwiftUIAdvancedLearningTests.swift */,
			);
			path = SwiftUIAdvancedLearningTests;
			sourceTree = "<group>";
		};
		260EB39D2BEE968F0023BD56 /* SwiftUIAdvancedLearningUITests */ = {
			isa = PBXGroup;
			children = (
				260EB39E2BEE968F0023BD56 /* SwiftUIAdvancedLearningUITests.swift */,
				260EB3A02BEE968F0023BD56 /* SwiftUIAdvancedLearningUITestsLaunchTests.swift */,
			);
			path = SwiftUIAdvancedLearningUITests;
			sourceTree = "<group>";
		};
/* End PBXGroup section */

/* Begin PBXNativeTarget section */
		260EB37F2BEE968E0023BD56 /* SwiftUIAdvancedLearning */ = {
			isa = PBXNativeTarget;
			buildConfigurationList = 260EB3A42BEE968F0023BD56 /* Build configuration list for PBXNativeTarget "SwiftUIAdvancedLearning" */;
			buildPhases = (
				260EB37C2BEE968E0023BD56 /* Sources */,
				260EB37D2BEE968E0023BD56 /* Frameworks */,
				260EB37E2BEE968E0023BD56 /* Resources */,
			);
			buildRules = (
			);
			dependencies = (
			);
			name = SwiftUIAdvancedLearning;
			productName = SwiftUIAdvancedLearning;
			productReference = 260EB3802BEE968E0023BD56 /* SwiftUIAdvancedLearning.app */;
			productType = "com.apple.product-type.application";
		};
		260EB38F2BEE968F0023BD56 /* SwiftUIAdvancedLearningTests */ = {
			isa = PBXNativeTarget;
			buildConfigurationList = 260EB3A72BEE968F0023BD56 /* Build configuration list for PBXNativeTarget "SwiftUIAdvancedLearningTests" */;
			buildPhases = (
				260EB38C2BEE968F0023BD56 /* Sources */,
				260EB38D2BEE968F0023BD56 /* Frameworks */,
				260EB38E2BEE968F0023BD56 /* Resources */,
			);
			buildRules = (
			);
			dependencies = (
				260EB3922BEE968F0023BD56 /* PBXTargetDependency */,
			);
			name = SwiftUIAdvancedLearningTests;
			productName = SwiftUIAdvancedLearningTests;
			productReference = 260EB3902BEE968F0023BD56 /* SwiftUIAdvancedLearningTests.xctest */;
			productType = "com.apple.product-type.bundle.unit-test";
		};
		260EB3992BEE968F0023BD56 /* SwiftUIAdvancedLearningUITests */ = {
			isa = PBXNativeTarget;
			buildConfigurationList = 260EB3AA2BEE968F0023BD56 /* Build configuration list for PBXNativeTarget "SwiftUIAdvancedLearningUITests" */;
			buildPhases = (
				260EB3962BEE968F0023BD56 /* Sources */,
				260EB3972BEE968F0023BD56 /* Frameworks */,
				260EB3982BEE968F0023BD56 /* Resources */,
			);
			buildRules = (
			);
			dependencies = (
				260EB39C2BEE968F0023BD56 /* PBXTargetDependency */,
			);
			name = SwiftUIAdvancedLearningUITests;
			productName = SwiftUIAdvancedLearningUITests;
			productReference = 260EB39A2BEE968F0023BD56 /* SwiftUIAdvancedLearningUITests.xctest */;
			productType = "com.apple.product-type.bundle.ui-testing";
		};
/* End PBXNativeTarget section */

/* Begin PBXProject section */
		260EB3782BEE968E0023BD56 /* Project object */ = {
			isa = PBXProject;
			attributes = {
				BuildIndependentTargetsInParallel = 1;
				LastSwiftUpdateCheck = 1530;
				LastUpgradeCheck = 1530;
				TargetAttributes = {
					260EB37F2BEE968E0023BD56 = {
						CreatedOnToolsVersion = 15.3;
					};
					260EB38F2BEE968F0023BD56 = {
						CreatedOnToolsVersion = 15.3;
						TestTargetID = 260EB37F2BEE968E0023BD56;
					};
					260EB3992BEE968F0023BD56 = {
						CreatedOnToolsVersion = 15.3;
						TestTargetID = 260EB37F2BEE968E0023BD56;
					};
				};
			};
			buildConfigurationList = 260EB37B2BEE968E0023BD56 /* Build configuration list for PBXProject "SwiftUIAdvancedLearning" */;
			compatibilityVersion = "Xcode 14.0";
			developmentRegion = en;
			hasScannedForEncodings = 0;
			knownRegions = (
				en,
				Base,
			);
			mainGroup = 260EB3772BEE968E0023BD56;
			productRefGroup = 260EB3812BEE968E0023BD56 /* Products */;
			projectDirPath = "";
			projectRoot = "";
			targets = (
				260EB37F2BEE968E0023BD56 /* SwiftUIAdvancedLearning */,
				260EB38F2BEE968F0023BD56 /* SwiftUIAdvancedLearningTests */,
				260EB3992BEE968F0023BD56 /* SwiftUIAdvancedLearningUITests */,
			);
		};
/* End PBXProject section */

/* Begin PBXResourcesBuildPhase section */
		260EB37E2BEE968E0023BD56 /* Resources */ = {
			isa = PBXResourcesBuildPhase;
			buildActionMask = 2147483647;
			files = (
				260EB38B2BEE968F0023BD56 /* Preview Assets.xcassets in Resources */,
				260EB3882BEE968F0023BD56 /* Assets.xcassets in Resources */,
			);
			runOnlyForDeploymentPostprocessing = 0;
		};
		260EB38E2BEE968F0023BD56 /* Resources */ = {
			isa = PBXResourcesBuildPhase;
			buildActionMask = 2147483647;
			files = (
			);
			runOnlyForDeploymentPostprocessing = 0;
		};
		260EB3982BEE968F0023BD56 /* Resources */ = {
			isa = PBXResourcesBuildPhase;
			buildActionMask = 2147483647;
			files = (
			);
			runOnlyForDeploymentPostprocessing = 0;
		};
/* End PBXResourcesBuildPhase section */

/* Begin PBXSourcesBuildPhase section */
		260EB37C2BEE968E0023BD56 /* Sources */ = {
			isa = PBXSourcesBuildPhase;
			buildActionMask = 2147483647;
			files = (
				260EB3AE2BEE98280023BD56 /* ViewModifierBootcamp.swift in Sources */,
				260EB3842BEE968E0023BD56 /* SwiftUIAdvancedLearningApp.swift in Sources */,
			);
			runOnlyForDeploymentPostprocessing = 0;
		};
		260EB38C2BEE968F0023BD56 /* Sources */ = {
			isa = PBXSourcesBuildPhase;
			buildActionMask = 2147483647;
			files = (
				260EB3952BEE968F0023BD56 /* SwiftUIAdvancedLearningTests.swift in Sources */,
			);
			runOnlyForDeploymentPostprocessing = 0;
		};
		260EB3962BEE968F0023BD56 /* Sources */ = {
			isa = PBXSourcesBuildPhase;
			buildActionMask = 2147483647;
			files = (
				260EB3A12BEE968F0023BD56 /* SwiftUIAdvancedLearningUITestsLaunchTests.swift in Sources */,
				260EB39F2BEE968F0023BD56 /* SwiftUIAdvancedLearningUITests.swift in Sources */,
			);
			runOnlyForDeploymentPostprocessing = 0;
		};
/* End PBXSourcesBuildPhase section */

/* Begin PBXTargetDependency section */
		260EB3922BEE968F0023BD56 /* PBXTargetDependency */ = {
			isa = PBXTargetDependency;
			target = 260EB37F2BEE968E0023BD56 /* SwiftUIAdvancedLearning */;
			targetProxy = 260EB3912BEE968F0023BD56 /* PBXContainerItemProxy */;
		};
		260EB39C2BEE968F0023BD56 /* PBXTargetDependency */ = {
			isa = PBXTargetDependency;
			target = 260EB37F2BEE968E0023BD56 /* SwiftUIAdvancedLearning */;
			targetProxy = 260EB39B2BEE968F0023BD56 /* PBXContainerItemProxy */;
		};
/* End PBXTargetDependency section */

/* Begin XCBuildConfiguration section */
		260EB3A22BEE968F0023BD56 /* Debug */ = {
			isa = XCBuildConfiguration;
			buildSettings = {
				ALWAYS_SEARCH_USER_PATHS = NO;
				ASSETCATALOG_COMPILER_GENERATE_SWIFT_ASSET_SYMBOL_EXTENSIONS = YES;
				CLANG_ANALYZER_NONNULL = YES;
				CLANG_ANALYZER_NUMBER_OBJECT_CONVERSION = YES_AGGRESSIVE;
				CLANG_CXX_LANGUAGE_STANDARD = "gnu++20";
				CLANG_ENABLE_MODULES = YES;
				CLANG_ENABLE_OBJC_ARC = YES;
				CLANG_ENABLE_OBJC_WEAK = YES;
				CLANG_WARN_BLOCK_CAPTURE_AUTORELEASING = YES;
				CLANG_WARN_BOOL_CONVERSION = YES;
				CLANG_WARN_COMMA = YES;
				CLANG_WARN_CONSTANT_CONVERSION = YES;
				CLANG_WARN_DEPRECATED_OBJC_IMPLEMENTATIONS = YES;
				CLANG_WARN_DIRECT_OBJC_ISA_USAGE = YES_ERROR;
				CLANG_WARN_DOCUMENTATION_COMMENTS = YES;
				CLANG_WARN_EMPTY_BODY = YES;
				CLANG_WARN_ENUM_CONVERSION = YES;
				CLANG_WARN_INFINITE_RECURSION = YES;
				CLANG_WARN_INT_CONVERSION = YES;
				CLANG_WARN_NON_LITERAL_NULL_CONVERSION = YES;
				CLANG_WARN_OBJC_IMPLICIT_RETAIN_SELF = YES;
				CLANG_WARN_OBJC_LITERAL_CONVERSION = YES;
				CLANG_WARN_OBJC_ROOT_CLASS = YES_ERROR;
				CLANG_WARN_QUOTED_INCLUDE_IN_FRAMEWORK_HEADER = YES;
				CLANG_WARN_RANGE_LOOP_ANALYSIS = YES;
				CLANG_WARN_STRICT_PROTOTYPES = YES;
				CLANG_WARN_SUSPICIOUS_MOVE = YES;
				CLANG_WARN_UNGUARDED_AVAILABILITY = YES_AGGRESSIVE;
				CLANG_WARN_UNREACHABLE_CODE = YES;
				CLANG_WARN__DUPLICATE_METHOD_MATCH = YES;
				COPY_PHASE_STRIP = NO;
				DEBUG_INFORMATION_FORMAT = dwarf;
				ENABLE_STRICT_OBJC_MSGSEND = YES;
				ENABLE_TESTABILITY = YES;
				ENABLE_USER_SCRIPT_SANDBOXING = YES;
				GCC_C_LANGUAGE_STANDARD = gnu17;
				GCC_DYNAMIC_NO_PIC = NO;
				GCC_NO_COMMON_BLOCKS = YES;
				GCC_OPTIMIZATION_LEVEL = 0;
				GCC_PREPROCESSOR_DEFINITIONS = (
					"DEBUG=1",
					"$(inherited)",
				);
				GCC_WARN_64_TO_32_BIT_CONVERSION = YES;
				GCC_WARN_ABOUT_RETURN_TYPE = YES_ERROR;
				GCC_WARN_UNDECLARED_SELECTOR = YES;
				GCC_WARN_UNINITIALIZED_AUTOS = YES_AGGRESSIVE;
				GCC_WARN_UNUSED_FUNCTION = YES;
				GCC_WARN_UNUSED_VARIABLE = YES;
				IPHONEOS_DEPLOYMENT_TARGET = 17.4;
				LOCALIZATION_PREFERS_STRING_CATALOGS = YES;
				MTL_ENABLE_DEBUG_INFO = INCLUDE_SOURCE;
				MTL_FAST_MATH = YES;
				ONLY_ACTIVE_ARCH = YES;
				SDKROOT = iphoneos;
				SWIFT_ACTIVE_COMPILATION_CONDITIONS = "DEBUG $(inherited)";
				SWIFT_OPTIMIZATION_LEVEL = "-Onone";
			};
			name = Debug;
		};
		260EB3A32BEE968F0023BD56 /* Release */ = {
			isa = XCBuildConfiguration;
			buildSettings = {
				ALWAYS_SEARCH_USER_PATHS = NO;
				ASSETCATALOG_COMPILER_GENERATE_SWIFT_ASSET_SYMBOL_EXTENSIONS = YES;
				CLANG_ANALYZER_NONNULL = YES;
				CLANG_ANALYZER_NUMBER_OBJECT_CONVERSION = YES_AGGRESSIVE;
				CLANG_CXX_LANGUAGE_STANDARD = "gnu++20";
				CLANG_ENABLE_MODULES = YES;
				CLANG_ENABLE_OBJC_ARC = YES;
				CLANG_ENABLE_OBJC_WEAK = YES;
				CLANG_WARN_BLOCK_CAPTURE_AUTORELEASING = YES;
				CLANG_WARN_BOOL_CONVERSION = YES;
				CLANG_WARN_COMMA = YES;
				CLANG_WARN_CONSTANT_CONVERSION = YES;
				CLANG_WARN_DEPRECATED_OBJC_IMPLEMENTATIONS = YES;
				CLANG_WARN_DIRECT_OBJC_ISA_USAGE = YES_ERROR;
				CLANG_WARN_DOCUMENTATION_COMMENTS = YES;
				CLANG_WARN_EMPTY_BODY = YES;
				CLANG_WARN_ENUM_CONVERSION = YES;
				CLANG_WARN_INFINITE_RECURSION = YES;
				CLANG_WARN_INT_CONVERSION = YES;
				CLANG_WARN_NON_LITERAL_NULL_CONVERSION = YES;
				CLANG_WARN_OBJC_IMPLICIT_RETAIN_SELF = YES;
				CLANG_WARN_OBJC_LITERAL_CONVERSION = YES;
				CLANG_WARN_OBJC_ROOT_CLASS = YES_ERROR;
				CLANG_WARN_QUOTED_INCLUDE_IN_FRAMEWORK_HEADER = YES;
				CLANG_WARN_RANGE_LOOP_ANALYSIS = YES;
				CLANG_WARN_STRICT_PROTOTYPES = YES;
				CLANG_WARN_SUSPICIOUS_MOVE = YES;
				CLANG_WARN_UNGUARDED_AVAILABILITY = YES_AGGRESSIVE;
				CLANG_WARN_UNREACHABLE_CODE = YES;
				CLANG_WARN__DUPLICATE_METHOD_MATCH = YES;
				COPY_PHASE_STRIP = NO;
				DEBUG_INFORMATION_FORMAT = "dwarf-with-dsym";
				ENABLE_NS_ASSERTIONS = NO;
				ENABLE_STRICT_OBJC_MSGSEND = YES;
				ENABLE_USER_SCRIPT_SANDBOXING = YES;
				GCC_C_LANGUAGE_STANDARD = gnu17;
				GCC_NO_COMMON_BLOCKS = YES;
				GCC_WARN_64_TO_32_BIT_CONVERSION = YES;
				GCC_WARN_ABOUT_RETURN_TYPE = YES_ERROR;
				GCC_WARN_UNDECLARED_SELECTOR = YES;
				GCC_WARN_UNINITIALIZED_AUTOS = YES_AGGRESSIVE;
				GCC_WARN_UNUSED_FUNCTION = YES;
				GCC_WARN_UNUSED_VARIABLE = YES;
				IPHONEOS_DEPLOYMENT_TARGET = 17.4;
				LOCALIZATION_PREFERS_STRING_CATALOGS = YES;
				MTL_ENABLE_DEBUG_INFO = NO;
				MTL_FAST_MATH = YES;
				SDKROOT = iphoneos;
				SWIFT_COMPILATION_MODE = wholemodule;
				VALIDATE_PRODUCT = YES;
			};
			name = Release;
		};
		260EB3A52BEE968F0023BD56 /* Debug */ = {
			isa = XCBuildConfiguration;
			buildSettings = {
				ASSETCATALOG_COMPILER_APPICON_NAME = AppIcon;
				ASSETCATALOG_COMPILER_GLOBAL_ACCENT_COLOR_NAME = AccentColor;
				CODE_SIGN_STYLE = Automatic;
				CURRENT_PROJECT_VERSION = 1;
				DEVELOPMENT_ASSET_PATHS = "\"SwiftUIAdvancedLearning/Preview Content\"";
				DEVELOPMENT_TEAM = P92GSKWU9W;
				ENABLE_PREVIEWS = YES;
				GENERATE_INFOPLIST_FILE = YES;
				INFOPLIST_KEY_UIApplicationSceneManifest_Generation = YES;
				INFOPLIST_KEY_UIApplicationSupportsIndirectInputEvents = YES;
				INFOPLIST_KEY_UILaunchScreen_Generation = YES;
				INFOPLIST_KEY_UISupportedInterfaceOrientations_iPad = "UIInterfaceOrientationPortrait UIInterfaceOrientationPortraitUpsideDown UIInterfaceOrientationLandscapeLeft UIInterfaceOrientationLandscapeRight";
				INFOPLIST_KEY_UISupportedInterfaceOrientations_iPhone = "UIInterfaceOrientationPortrait UIInterfaceOrientationLandscapeLeft UIInterfaceOrientationLandscapeRight";
				LD_RUNPATH_SEARCH_PATHS = (
					"$(inherited)",
					"@executable_path/Frameworks",
				);
				MARKETING_VERSION = 1.0;
				PRODUCT_BUNDLE_IDENTIFIER = Sarah.SwiftUIAdvancedLearning;
				PRODUCT_NAME = "$(TARGET_NAME)";
				SWIFT_EMIT_LOC_STRINGS = YES;
				SWIFT_VERSION = 5.0;
				TARGETED_DEVICE_FAMILY = "1,2";
			};
			name = Debug;
		};
		260EB3A62BEE968F0023BD56 /* Release */ = {
			isa = XCBuildConfiguration;
			buildSettings = {
				ASSETCATALOG_COMPILER_APPICON_NAME = AppIcon;
				ASSETCATALOG_COMPILER_GLOBAL_ACCENT_COLOR_NAME = AccentColor;
				CODE_SIGN_STYLE = Automatic;
				CURRENT_PROJECT_VERSION = 1;
				DEVELOPMENT_ASSET_PATHS = "\"SwiftUIAdvancedLearning/Preview Content\"";
				DEVELOPMENT_TEAM = P92GSKWU9W;
				ENABLE_PREVIEWS = YES;
				GENERATE_INFOPLIST_FILE = YES;
				INFOPLIST_KEY_UIApplicationSceneManifest_Generation = YES;
				INFOPLIST_KEY_UIApplicationSupportsIndirectInputEvents = YES;
				INFOPLIST_KEY_UILaunchScreen_Generation = YES;
				INFOPLIST_KEY_UISupportedInterfaceOrientations_iPad = "UIInterfaceOrientationPortrait UIInterfaceOrientationPortraitUpsideDown UIInterfaceOrientationLandscapeLeft UIInterfaceOrientationLandscapeRight";
				INFOPLIST_KEY_UISupportedInterfaceOrientations_iPhone = "UIInterfaceOrientationPortrait UIInterfaceOrientationLandscapeLeft UIInterfaceOrientationLandscapeRight";
				LD_RUNPATH_SEARCH_PATHS = (
					"$(inherited)",
					"@executable_path/Frameworks",
				);
				MARKETING_VERSION = 1.0;
				PRODUCT_BUNDLE_IDENTIFIER = Sarah.SwiftUIAdvancedLearning;
				PRODUCT_NAME = "$(TARGET_NAME)";
				SWIFT_EMIT_LOC_STRINGS = YES;
				SWIFT_VERSION = 5.0;
				TARGETED_DEVICE_FAMILY = "1,2";
			};
			name = Release;
		};
		260EB3A82BEE968F0023BD56 /* Debug */ = {
			isa = XCBuildConfiguration;
			buildSettings = {
				ALWAYS_EMBED_SWIFT_STANDARD_LIBRARIES = YES;
				BUNDLE_LOADER = "$(TEST_HOST)";
				CODE_SIGN_STYLE = Automatic;
				CURRENT_PROJECT_VERSION = 1;
				DEVELOPMENT_TEAM = P92GSKWU9W;
				GENERATE_INFOPLIST_FILE = YES;
				IPHONEOS_DEPLOYMENT_TARGET = 17.4;
				MARKETING_VERSION = 1.0;
				PRODUCT_BUNDLE_IDENTIFIER = Sarah.SwiftUIAdvancedLearningTests;
				PRODUCT_NAME = "$(TARGET_NAME)";
				SWIFT_EMIT_LOC_STRINGS = NO;
				SWIFT_VERSION = 5.0;
				TARGETED_DEVICE_FAMILY = "1,2";
				TEST_HOST = "$(BUILT_PRODUCTS_DIR)/SwiftUIAdvancedLearning.app/$(BUNDLE_EXECUTABLE_FOLDER_PATH)/SwiftUIAdvancedLearning";
			};
			name = Debug;
		};
		260EB3A92BEE968F0023BD56 /* Release */ = {
			isa = XCBuildConfiguration;
			buildSettings = {
				ALWAYS_EMBED_SWIFT_STANDARD_LIBRARIES = YES;
				BUNDLE_LOADER = "$(TEST_HOST)";
				CODE_SIGN_STYLE = Automatic;
				CURRENT_PROJECT_VERSION = 1;
				DEVELOPMENT_TEAM = P92GSKWU9W;
				GENERATE_INFOPLIST_FILE = YES;
				IPHONEOS_DEPLOYMENT_TARGET = 17.4;
				MARKETING_VERSION = 1.0;
				PRODUCT_BUNDLE_IDENTIFIER = Sarah.SwiftUIAdvancedLearningTests;
				PRODUCT_NAME = "$(TARGET_NAME)";
				SWIFT_EMIT_LOC_STRINGS = NO;
				SWIFT_VERSION = 5.0;
				TARGETED_DEVICE_FAMILY = "1,2";
				TEST_HOST = "$(BUILT_PRODUCTS_DIR)/SwiftUIAdvancedLearning.app/$(BUNDLE_EXECUTABLE_FOLDER_PATH)/SwiftUIAdvancedLearning";
			};
			name = Release;
		};
		260EB3AB2BEE968F0023BD56 /* Debug */ = {
			isa = XCBuildConfiguration;
			buildSettings = {
				ALWAYS_EMBED_SWIFT_STANDARD_LIBRARIES = YES;
				CODE_SIGN_STYLE = Automatic;
				CURRENT_PROJECT_VERSION = 1;
				DEVELOPMENT_TEAM = P92GSKWU9W;
				GENERATE_INFOPLIST_FILE = YES;
				MARKETING_VERSION = 1.0;
				PRODUCT_BUNDLE_IDENTIFIER = Sarah.SwiftUIAdvancedLearningUITests;
				PRODUCT_NAME = "$(TARGET_NAME)";
				SWIFT_EMIT_LOC_STRINGS = NO;
				SWIFT_VERSION = 5.0;
				TARGETED_DEVICE_FAMILY = "1,2";
				TEST_TARGET_NAME = SwiftUIAdvancedLearning;
			};
			name = Debug;
		};
		260EB3AC2BEE968F0023BD56 /* Release */ = {
			isa = XCBuildConfiguration;
			buildSettings = {
				ALWAYS_EMBED_SWIFT_STANDARD_LIBRARIES = YES;
				CODE_SIGN_STYLE = Automatic;
				CURRENT_PROJECT_VERSION = 1;
				DEVELOPMENT_TEAM = P92GSKWU9W;
				GENERATE_INFOPLIST_FILE = YES;
				MARKETING_VERSION = 1.0;
				PRODUCT_BUNDLE_IDENTIFIER = Sarah.SwiftUIAdvancedLearningUITests;
				PRODUCT_NAME = "$(TARGET_NAME)";
				SWIFT_EMIT_LOC_STRINGS = NO;
				SWIFT_VERSION = 5.0;
				TARGETED_DEVICE_FAMILY = "1,2";
				TEST_TARGET_NAME = SwiftUIAdvancedLearning;
			};
			name = Release;
		};
/* End XCBuildConfiguration section */

/* Begin XCConfigurationList section */
		260EB37B2BEE968E0023BD56 /* Build configuration list for PBXProject "SwiftUIAdvancedLearning" */ = {
			isa = XCConfigurationList;
			buildConfigurations = (
				260EB3A22BEE968F0023BD56 /* Debug */,
				260EB3A32BEE968F0023BD56 /* Release */,
			);
			defaultConfigurationIsVisible = 0;
			defaultConfigurationName = Release;
		};
		260EB3A42BEE968F0023BD56 /* Build configuration list for PBXNativeTarget "SwiftUIAdvancedLearning" */ = {
			isa = XCConfigurationList;
			buildConfigurations = (
				260EB3A52BEE968F0023BD56 /* Debug */,
				260EB3A62BEE968F0023BD56 /* Release */,
			);
			defaultConfigurationIsVisible = 0;
			defaultConfigurationName = Release;
		};
		260EB3A72BEE968F0023BD56 /* Build configuration list for PBXNativeTarget "SwiftUIAdvancedLearningTests" */ = {
			isa = XCConfigurationList;
			buildConfigurations = (
				260EB3A82BEE968F0023BD56 /* Debug */,
				260EB3A92BEE968F0023BD56 /* Release */,
			);
			defaultConfigurationIsVisible = 0;
			defaultConfigurationName = Release;
		};
		260EB3AA2BEE968F0023BD56 /* Build configuration list for PBXNativeTarget "SwiftUIAdvancedLearningUITests" */ = {
			isa = XCConfigurationList;
			buildConfigurations = (
				260EB3AB2BEE968F0023BD56 /* Debug */,
				260EB3AC2BEE968F0023BD56 /* Release */,
			);
			defaultConfigurationIsVisible = 0;
			defaultConfigurationName = Release;
		};
/* End XCConfigurationList section */
	};
	rootObject = 260EB3782BEE968E0023BD56 /* Project object */;
}
